
Microsoft Visual Studio Solution File, Format Version 12.00
# Visual Studio Version 17
VisualStudioVersion = 17.9.34723.18
MinimumVisualStudioVersion = 10.0.40219.1
Project("{F184B08F-C81C-45F6-A57F-5ABD9991F28F}") = "portaleARPA", "portaleARPA\portaleARPA.vbproj", "{F1E49740-E2A4-40CF-B737-AB4CA61B7F38}"
EndProject
Global
	GlobalSection(SolutionConfigurationPlatforms) = preSolution
		Debug|Any CPU = Debug|Any CPU
		Release|Any CPU = Release|Any CPU
	EndGlobalSection
	GlobalSection(ProjectConfigurationPlatforms) = postSolution
		{F1E49740-E2A4-40CF-B737-AB4CA61B7F38}.Debug|Any CPU.ActiveCfg = Debug|Any CPU
		{F1E49740-E2A4-40CF-B737-AB4CA61B7F38}.Debug|Any CPU.Build.0 = Debug|Any CPU
		{F1E49740-E2A4-40CF-B737-AB4CA61B7F38}.Release|Any CPU.ActiveCfg = Release|Any CPU
		{F1E49740-E2A4-40CF-B737-AB4CA61B7F38}.Release|Any CPU.Build.0 = Release|Any CPU
	EndGlobalSection
	GlobalSection(SolutionProperties) = preSolution
		HideSolutionNode = FALSE
	EndGlobalSection
	GlobalSection(ExtensibilityGlobals) = postSolution
		SolutionGuid = {D97C5EAF-012B-4E14-8B4A-70CDE5D4E0AE}
	EndGlobalSection
EndGlobal
